
Microsoft Visual Studio Solution File, Format Version 12.00
# Visual Studio Version 17
VisualStudioVersion = 17.3.32804.467
MinimumVisualStudioVersion = 10.0.40219.1
Project("{9A19103F-16F7-4668-BE54-9A1E7A4F7556}") = "ToolGood.FlowVision", "ToolGood.FlowVision\ToolGood.FlowVision.csproj", "{513A2854-2200-4366-B813-E2494126F75A}"
EndProject
Project("{9A19103F-16F7-4668-BE54-9A1E7A4F7556}") = "ToolGood.FlowVision.Datas", "ToolGood.FlowVision.Datas\ToolGood.FlowVision.Datas.csproj", "{1D28C143-8800-4E99-A8FA-427368CFDE16}"
EndProject
Project("{9A19103F-16F7-4668-BE54-9A1E7A4F7556}") = "ToolGood.FlowVision.Dtos", "ToolGood.FlowVision.Dtos\ToolGood.FlowVision.Dtos.csproj", "{063D5F8E-387C-40BF-B54F-3586DD2207EC}"
EndProject
Project("{9A19103F-16F7-4668-BE54-9A1E7A4F7556}") = "ToolGood.FlowVision.Applications", "ToolGood.FlowVision.Applications\ToolGood.FlowVision.Applications.csproj", "{4AAD5A79-6FBE-4279-875C-5CF8241628A0}"
EndProject
Project("{9A19103F-16F7-4668-BE54-9A1E7A4F7556}") = "ToolGood.FlowVision.Commons", "ToolGood.FlowVision.Commons\ToolGood.FlowVision.Commons.csproj", "{98FEEBF8-37BB-4380-8057-5AB791DDFC42}"
EndProject
Project("{2150E333-8FDC-42A3-9474-1A3956D46DE8}") = "_base", "_base", "{9D034F93-7C31-41BA-A58A-30A389FC5066}"
EndProject
Project("{2150E333-8FDC-42A3-9474-1A3956D46DE8}") = "_out", "_out", "{9D38ECD1-5BAE-498D-8B57-819716BD5E96}"
EndProject
Project("{9A19103F-16F7-4668-BE54-9A1E7A4F7556}") = "ToolGood.FlowWork.Applications", "ToolGood.FlowWork.Applications\ToolGood.FlowWork.Applications.csproj", "{18CCA97D-CD95-44BA-9A54-D065AAF32026}"
EndProject
Project("{9A19103F-16F7-4668-BE54-9A1E7A4F7556}") = "ToolGood.FlowWork", "ToolGood.FlowWork\ToolGood.FlowWork.csproj", "{B7D6D3B7-D699-4939-A6C8-8C11C9E8567C}"
EndProject
Project("{2150E333-8FDC-42A3-9474-1A3956D46DE8}") = "_create", "_create", "{9DF45A20-88BA-4D4B-8BF4-6CFD1D71380C}"
EndProject
Project("{9A19103F-16F7-4668-BE54-9A1E7A4F7556}") = "ToolGood.WwwrootCreate", "ToolGood.WwwrootCreate\ToolGood.WwwrootCreate.csproj", "{5FF75C17-C7CB-4BD5-880A-26E9C02A9482}"
EndProject
Project("{9A19103F-16F7-4668-BE54-9A1E7A4F7556}") = "ToolGood.SqliteDataCreate", "ToolGood.SqliteDataCreate\ToolGood.SqliteDataCreate.csproj", "{71D2FFE9-93C3-4CBF-842F-A60060A0CEE5}"
EndProject
Project("{9A19103F-16F7-4668-BE54-9A1E7A4F7556}") = "ToolGood.Navigation", "ToolGood.Navigation\ToolGood.Navigation.csproj", "{0B28241C-74EC-4F53-A05A-5B17D1F36F7D}"
EndProject
Global
	GlobalSection(SolutionConfigurationPlatforms) = preSolution
		Debug|Any CPU = Debug|Any CPU
		Linux|Any CPU = Linux|Any CPU
		Release|Any CPU = Release|Any CPU
		Win|Any CPU = Win|Any CPU
	EndGlobalSection
	GlobalSection(ProjectConfigurationPlatforms) = postSolution
		{513A2854-2200-4366-B813-E2494126F75A}.Debug|Any CPU.ActiveCfg = Debug|Any CPU
		{513A2854-2200-4366-B813-E2494126F75A}.Debug|Any CPU.Build.0 = Debug|Any CPU
		{513A2854-2200-4366-B813-E2494126F75A}.Linux|Any CPU.ActiveCfg = Linux|Any CPU
		{513A2854-2200-4366-B813-E2494126F75A}.Linux|Any CPU.Build.0 = Linux|Any CPU
		{513A2854-2200-4366-B813-E2494126F75A}.Release|Any CPU.ActiveCfg = Release|Any CPU
		{513A2854-2200-4366-B813-E2494126F75A}.Release|Any CPU.Build.0 = Release|Any CPU
		{513A2854-2200-4366-B813-E2494126F75A}.Win|Any CPU.ActiveCfg = Win|Any CPU
		{513A2854-2200-4366-B813-E2494126F75A}.Win|Any CPU.Build.0 = Win|Any CPU
		{1D28C143-8800-4E99-A8FA-427368CFDE16}.Debug|Any CPU.ActiveCfg = Debug|Any CPU
		{1D28C143-8800-4E99-A8FA-427368CFDE16}.Debug|Any CPU.Build.0 = Debug|Any CPU
		{1D28C143-8800-4E99-A8FA-427368CFDE16}.Linux|Any CPU.ActiveCfg = Linux|Any CPU
		{1D28C143-8800-4E99-A8FA-427368CFDE16}.Linux|Any CPU.Build.0 = Linux|Any CPU
		{1D28C143-8800-4E99-A8FA-427368CFDE16}.Release|Any CPU.ActiveCfg = Release|Any CPU
		{1D28C143-8800-4E99-A8FA-427368CFDE16}.Release|Any CPU.Build.0 = Release|Any CPU
		{1D28C143-8800-4E99-A8FA-427368CFDE16}.Win|Any CPU.ActiveCfg = Win|Any CPU
		{1D28C143-8800-4E99-A8FA-427368CFDE16}.Win|Any CPU.Build.0 = Win|Any CPU
		{063D5F8E-387C-40BF-B54F-3586DD2207EC}.Debug|Any CPU.ActiveCfg = Debug|Any CPU
		{063D5F8E-387C-40BF-B54F-3586DD2207EC}.Debug|Any CPU.Build.0 = Debug|Any CPU
		{063D5F8E-387C-40BF-B54F-3586DD2207EC}.Linux|Any CPU.ActiveCfg = Linux|Any CPU
		{063D5F8E-387C-40BF-B54F-3586DD2207EC}.Linux|Any CPU.Build.0 = Linux|Any CPU
		{063D5F8E-387C-40BF-B54F-3586DD2207EC}.Release|Any CPU.ActiveCfg = Release|Any CPU
		{063D5F8E-387C-40BF-B54F-3586DD2207EC}.Release|Any CPU.Build.0 = Release|Any CPU
		{063D5F8E-387C-40BF-B54F-3586DD2207EC}.Win|Any CPU.ActiveCfg = Win|Any CPU
		{063D5F8E-387C-40BF-B54F-3586DD2207EC}.Win|Any CPU.Build.0 = Win|Any CPU
		{4AAD5A79-6FBE-4279-875C-5CF8241628A0}.Debug|Any CPU.ActiveCfg = Debug|Any CPU
		{4AAD5A79-6FBE-4279-875C-5CF8241628A0}.Debug|Any CPU.Build.0 = Debug|Any CPU
		{4AAD5A79-6FBE-4279-875C-5CF8241628A0}.Linux|Any CPU.ActiveCfg = Linux|Any CPU
		{4AAD5A79-6FBE-4279-875C-5CF8241628A0}.Linux|Any CPU.Build.0 = Linux|Any CPU
		{4AAD5A79-6FBE-4279-875C-5CF8241628A0}.Release|Any CPU.ActiveCfg = Release|Any CPU
		{4AAD5A79-6FBE-4279-875C-5CF8241628A0}.Release|Any CPU.Build.0 = Release|Any CPU
		{4AAD5A79-6FBE-4279-875C-5CF8241628A0}.Win|Any CPU.ActiveCfg = Win|Any CPU
		{4AAD5A79-6FBE-4279-875C-5CF8241628A0}.Win|Any CPU.Build.0 = Win|Any CPU
		{98FEEBF8-37BB-4380-8057-5AB791DDFC42}.Debug|Any CPU.ActiveCfg = Debug|Any CPU
		{98FEEBF8-37BB-4380-8057-5AB791DDFC42}.Debug|Any CPU.Build.0 = Debug|Any CPU
		{98FEEBF8-37BB-4380-8057-5AB791DDFC42}.Linux|Any CPU.ActiveCfg = Linux|Any CPU
		{98FEEBF8-37BB-4380-8057-5AB791DDFC42}.Linux|Any CPU.Build.0 = Linux|Any CPU
		{98FEEBF8-37BB-4380-8057-5AB791DDFC42}.Release|Any CPU.ActiveCfg = Release|Any CPU
		{98FEEBF8-37BB-4380-8057-5AB791DDFC42}.Release|Any CPU.Build.0 = Release|Any CPU
		{98FEEBF8-37BB-4380-8057-5AB791DDFC42}.Win|Any CPU.ActiveCfg = Win|Any CPU
		{98FEEBF8-37BB-4380-8057-5AB791DDFC42}.Win|Any CPU.Build.0 = Win|Any CPU
		{18CCA97D-CD95-44BA-9A54-D065AAF32026}.Debug|Any CPU.ActiveCfg = Debug|Any CPU
		{18CCA97D-CD95-44BA-9A54-D065AAF32026}.Debug|Any CPU.Build.0 = Debug|Any CPU
		{18CCA97D-CD95-44BA-9A54-D065AAF32026}.Linux|Any CPU.ActiveCfg = Linux|Any CPU
		{18CCA97D-CD95-44BA-9A54-D065AAF32026}.Linux|Any CPU.Build.0 = Linux|Any CPU
		{18CCA97D-CD95-44BA-9A54-D065AAF32026}.Release|Any CPU.ActiveCfg = Release|Any CPU
		{18CCA97D-CD95-44BA-9A54-D065AAF32026}.Release|Any CPU.Build.0 = Release|Any CPU
		{18CCA97D-CD95-44BA-9A54-D065AAF32026}.Win|Any CPU.ActiveCfg = Win|Any CPU
		{18CCA97D-CD95-44BA-9A54-D065AAF32026}.Win|Any CPU.Build.0 = Win|Any CPU
		{B7D6D3B7-D699-4939-A6C8-8C11C9E8567C}.Debug|Any CPU.ActiveCfg = Debug|Any CPU
		{B7D6D3B7-D699-4939-A6C8-8C11C9E8567C}.Debug|Any CPU.Build.0 = Debug|Any CPU
		{B7D6D3B7-D699-4939-A6C8-8C11C9E8567C}.Linux|Any CPU.ActiveCfg = Linux|Any CPU
		{B7D6D3B7-D699-4939-A6C8-8C11C9E8567C}.Linux|Any CPU.Build.0 = Linux|Any CPU
		{B7D6D3B7-D699-4939-A6C8-8C11C9E8567C}.Release|Any CPU.ActiveCfg = Release|Any CPU
		{B7D6D3B7-D699-4939-A6C8-8C11C9E8567C}.Release|Any CPU.Build.0 = Release|Any CPU
		{B7D6D3B7-D699-4939-A6C8-8C11C9E8567C}.Win|Any CPU.ActiveCfg = Win|Any CPU
		{B7D6D3B7-D699-4939-A6C8-8C11C9E8567C}.Win|Any CPU.Build.0 = Win|Any CPU
		{5FF75C17-C7CB-4BD5-880A-26E9C02A9482}.Debug|Any CPU.ActiveCfg = Debug|Any CPU
		{5FF75C17-C7CB-4BD5-880A-26E9C02A9482}.Debug|Any CPU.Build.0 = Debug|Any CPU
		{5FF75C17-C7CB-4BD5-880A-26E9C02A9482}.Linux|Any CPU.ActiveCfg = Linux|Any CPU
		{5FF75C17-C7CB-4BD5-880A-26E9C02A9482}.Linux|Any CPU.Build.0 = Linux|Any CPU
		{5FF75C17-C7CB-4BD5-880A-26E9C02A9482}.Release|Any CPU.ActiveCfg = Release|Any CPU
		{5FF75C17-C7CB-4BD5-880A-26E9C02A9482}.Release|Any CPU.Build.0 = Release|Any CPU
		{5FF75C17-C7CB-4BD5-880A-26E9C02A9482}.Win|Any CPU.ActiveCfg = Win|Any CPU
		{5FF75C17-C7CB-4BD5-880A-26E9C02A9482}.Win|Any CPU.Build.0 = Win|Any CPU
		{71D2FFE9-93C3-4CBF-842F-A60060A0CEE5}.Debug|Any CPU.ActiveCfg = Debug|Any CPU
		{71D2FFE9-93C3-4CBF-842F-A60060A0CEE5}.Debug|Any CPU.Build.0 = Debug|Any CPU
		{71D2FFE9-93C3-4CBF-842F-A60060A0CEE5}.Linux|Any CPU.ActiveCfg = Debug|Any CPU
		{71D2FFE9-93C3-4CBF-842F-A60060A0CEE5}.Release|Any CPU.ActiveCfg = Release|Any CPU
		{71D2FFE9-93C3-4CBF-842F-A60060A0CEE5}.Release|Any CPU.Build.0 = Release|Any CPU
		{71D2FFE9-93C3-4CBF-842F-A60060A0CEE5}.Win|Any CPU.ActiveCfg = Win|Any CPU
		{71D2FFE9-93C3-4CBF-842F-A60060A0CEE5}.Win|Any CPU.Build.0 = Win|Any CPU
		{0B28241C-74EC-4F53-A05A-5B17D1F36F7D}.Debug|Any CPU.ActiveCfg = Debug|Any CPU
		{0B28241C-74EC-4F53-A05A-5B17D1F36F7D}.Debug|Any CPU.Build.0 = Debug|Any CPU
		{0B28241C-74EC-4F53-A05A-5B17D1F36F7D}.Linux|Any CPU.ActiveCfg = Debug|Any CPU
		{0B28241C-74EC-4F53-A05A-5B17D1F36F7D}.Linux|Any CPU.Build.0 = Debug|Any CPU
		{0B28241C-74EC-4F53-A05A-5B17D1F36F7D}.Release|Any CPU.ActiveCfg = Release|Any CPU
		{0B28241C-74EC-4F53-A05A-5B17D1F36F7D}.Release|Any CPU.Build.0 = Release|Any CPU
		{0B28241C-74EC-4F53-A05A-5B17D1F36F7D}.Win|Any CPU.ActiveCfg = Debug|Any CPU
		{0B28241C-74EC-4F53-A05A-5B17D1F36F7D}.Win|Any CPU.Build.0 = Debug|Any CPU
	EndGlobalSection
	GlobalSection(SolutionProperties) = preSolution
		HideSolutionNode = FALSE
	EndGlobalSection
	GlobalSection(NestedProjects) = preSolution
		{1D28C143-8800-4E99-A8FA-427368CFDE16} = {9D034F93-7C31-41BA-A58A-30A389FC5066}
		{063D5F8E-387C-40BF-B54F-3586DD2207EC} = {9D034F93-7C31-41BA-A58A-30A389FC5066}
		{4AAD5A79-6FBE-4279-875C-5CF8241628A0} = {9D034F93-7C31-41BA-A58A-30A389FC5066}
		{98FEEBF8-37BB-4380-8057-5AB791DDFC42} = {9D034F93-7C31-41BA-A58A-30A389FC5066}
		{18CCA97D-CD95-44BA-9A54-D065AAF32026} = {9D38ECD1-5BAE-498D-8B57-819716BD5E96}
		{B7D6D3B7-D699-4939-A6C8-8C11C9E8567C} = {9D38ECD1-5BAE-498D-8B57-819716BD5E96}
		{5FF75C17-C7CB-4BD5-880A-26E9C02A9482} = {9DF45A20-88BA-4D4B-8BF4-6CFD1D71380C}
		{71D2FFE9-93C3-4CBF-842F-A60060A0CEE5} = {9DF45A20-88BA-4D4B-8BF4-6CFD1D71380C}
		{0B28241C-74EC-4F53-A05A-5B17D1F36F7D} = {9D38ECD1-5BAE-498D-8B57-819716BD5E96}
	EndGlobalSection
	GlobalSection(ExtensibilityGlobals) = postSolution
		SolutionGuid = {F9B3EFBD-AD1E-4423-BDA0-468C1C37995B}
	EndGlobalSection
EndGlobal
